
Microsoft Visual Studio Solution File, Format Version 12.00
# Visual Studio Version 17
VisualStudioVersion = 17.9.34607.119
MinimumVisualStudioVersion = 10.0.40219.1
Project("{9A19103F-16F7-4668-BE54-9A1E7A4F7556}") = "Fibonacci", "Fibonacci\Fibonacci.csproj", "{32498F1F-983A-4BF9-8684-98FEE57CDEFA}"
EndProject
Project("{9A19103F-16F7-4668-BE54-9A1E7A4F7556}") = "Pascal", "Pascal\Pascal.csproj", "{FC1B26D0-4D16-4D36-8DB6-9DE4211EF082}"
EndProject
Project("{9A19103F-16F7-4668-BE54-9A1E7A4F7556}") = "villogogomb", "villogogomb\villogogomb.csproj", "{4C65361B-2CD8-48B5-B7DB-105BC6AE35FA}"
EndProject
Project("{9A19103F-16F7-4668-BE54-9A1E7A4F7556}") = "4_feladat", "4_feladat\4_feladat.csproj", "{017E8E86-B6CB-40C6-A42A-08FE531B5701}"
EndProject
Project("{9A19103F-16F7-4668-BE54-9A1E7A4F7556}") = "HajósTeszt", "hajos_kviz\HajósTeszt.csproj", "{2FC41E33-644F-44D9-AFC5-981F57A35CB4}"
EndProject
Project("{9A19103F-16F7-4668-BE54-9A1E7A4F7556}") = "Kígyósjáték", "Kígyósjáték\Kígyósjáték.csproj", "{C6A5347B-FC02-4085-B14F-0C449FE818DE}"
EndProject
Project("{FAE04EC0-301F-11D3-BF4B-00C04F79EFBC}") = "Countries", "Countries\Countries.csproj", "{9C12C69C-C35E-4F06-9924-06D045FBBF28}"
EndProject
Global
	GlobalSection(SolutionConfigurationPlatforms) = preSolution
		Debug|Any CPU = Debug|Any CPU
		Release|Any CPU = Release|Any CPU
	EndGlobalSection
	GlobalSection(ProjectConfigurationPlatforms) = postSolution
		{32498F1F-983A-4BF9-8684-98FEE57CDEFA}.Debug|Any CPU.ActiveCfg = Debug|Any CPU
		{32498F1F-983A-4BF9-8684-98FEE57CDEFA}.Debug|Any CPU.Build.0 = Debug|Any CPU
		{32498F1F-983A-4BF9-8684-98FEE57CDEFA}.Release|Any CPU.ActiveCfg = Release|Any CPU
		{32498F1F-983A-4BF9-8684-98FEE57CDEFA}.Release|Any CPU.Build.0 = Release|Any CPU
		{FC1B26D0-4D16-4D36-8DB6-9DE4211EF082}.Debug|Any CPU.ActiveCfg = Debug|Any CPU
		{FC1B26D0-4D16-4D36-8DB6-9DE4211EF082}.Debug|Any CPU.Build.0 = Debug|Any CPU
		{FC1B26D0-4D16-4D36-8DB6-9DE4211EF082}.Release|Any CPU.ActiveCfg = Release|Any CPU
		{FC1B26D0-4D16-4D36-8DB6-9DE4211EF082}.Release|Any CPU.Build.0 = Release|Any CPU
		{4C65361B-2CD8-48B5-B7DB-105BC6AE35FA}.Debug|Any CPU.ActiveCfg = Debug|Any CPU
		{4C65361B-2CD8-48B5-B7DB-105BC6AE35FA}.Debug|Any CPU.Build.0 = Debug|Any CPU
		{4C65361B-2CD8-48B5-B7DB-105BC6AE35FA}.Release|Any CPU.ActiveCfg = Release|Any CPU
		{4C65361B-2CD8-48B5-B7DB-105BC6AE35FA}.Release|Any CPU.Build.0 = Release|Any CPU
		{017E8E86-B6CB-40C6-A42A-08FE531B5701}.Debug|Any CPU.ActiveCfg = Debug|Any CPU
		{017E8E86-B6CB-40C6-A42A-08FE531B5701}.Debug|Any CPU.Build.0 = Debug|Any CPU
		{017E8E86-B6CB-40C6-A42A-08FE531B5701}.Release|Any CPU.ActiveCfg = Release|Any CPU
		{017E8E86-B6CB-40C6-A42A-08FE531B5701}.Release|Any CPU.Build.0 = Release|Any CPU
		{2FC41E33-644F-44D9-AFC5-981F57A35CB4}.Debug|Any CPU.ActiveCfg = Debug|Any CPU
		{2FC41E33-644F-44D9-AFC5-981F57A35CB4}.Debug|Any CPU.Build.0 = Debug|Any CPU
		{2FC41E33-644F-44D9-AFC5-981F57A35CB4}.Release|Any CPU.ActiveCfg = Release|Any CPU
		{2FC41E33-644F-44D9-AFC5-981F57A35CB4}.Release|Any CPU.Build.0 = Release|Any CPU
		{C6A5347B-FC02-4085-B14F-0C449FE818DE}.Debug|Any CPU.ActiveCfg = Debug|Any CPU
		{C6A5347B-FC02-4085-B14F-0C449FE818DE}.Debug|Any CPU.Build.0 = Debug|Any CPU
		{C6A5347B-FC02-4085-B14F-0C449FE818DE}.Release|Any CPU.ActiveCfg = Release|Any CPU
		{C6A5347B-FC02-4085-B14F-0C449FE818DE}.Release|Any CPU.Build.0 = Release|Any CPU
		{9C12C69C-C35E-4F06-9924-06D045FBBF28}.Debug|Any CPU.ActiveCfg = Debug|Any CPU
		{9C12C69C-C35E-4F06-9924-06D045FBBF28}.Debug|Any CPU.Build.0 = Debug|Any CPU
		{9C12C69C-C35E-4F06-9924-06D045FBBF28}.Release|Any CPU.ActiveCfg = Release|Any CPU
		{9C12C69C-C35E-4F06-9924-06D045FBBF28}.Release|Any CPU.Build.0 = Release|Any CPU
	EndGlobalSection
	GlobalSection(SolutionProperties) = preSolution
		HideSolutionNode = FALSE
	EndGlobalSection
	GlobalSection(ExtensibilityGlobals) = postSolution
		SolutionGuid = {A2CEC338-9440-466D-8628-B40BDA8A76B0}
	EndGlobalSection
EndGlobal
