
Microsoft Visual Studio Solution File, Format Version 12.00
# Visual Studio Version 17
VisualStudioVersion = 17.9.34607.119
MinimumVisualStudioVersion = 10.0.40219.1
Project("{FAE04EC0-301F-11D3-BF4B-00C04F79EFBC}") = "vegleges_mintazh", "vegleges_mintazh\vegleges_mintazh.csproj", "{D056827F-ADEF-4740-858C-5395B556EB61}"
EndProject
Global
	GlobalSection(SolutionConfigurationPlatforms) = preSolution
		Debug|Any CPU = Debug|Any CPU
		Release|Any CPU = Release|Any CPU
	EndGlobalSection
	GlobalSection(ProjectConfigurationPlatforms) = postSolution
		{D056827F-ADEF-4740-858C-5395B556EB61}.Debug|Any CPU.ActiveCfg = Debug|Any CPU
		{D056827F-ADEF-4740-858C-5395B556EB61}.Debug|Any CPU.Build.0 = Debug|Any CPU
		{D056827F-ADEF-4740-858C-5395B556EB61}.Release|Any CPU.ActiveCfg = Release|Any CPU
		{D056827F-ADEF-4740-858C-5395B556EB61}.Release|Any CPU.Build.0 = Release|Any CPU
	EndGlobalSection
	GlobalSection(SolutionProperties) = preSolution
		HideSolutionNode = FALSE
	EndGlobalSection
	GlobalSection(ExtensibilityGlobals) = postSolution
		SolutionGuid = {40F8A845-F9E2-4399-BF3B-E28EC3053B30}
	EndGlobalSection
EndGlobal
